PODS:
  - Apploader (1.0):
    - MBProgressHUD (~> 1.0.0)
  - MBProgressHUD (1.0.0)

DEPENDENCIES:
  - Apploader (from `../`)

EXTERNAL SOURCES:
  Apploader:
    :path: ../

SPEC CHECKSUMS:
  Apploader: fbefc260c0f550c6eeaee3ce04775f51b1aeb5b3
  MBProgressHUD: 4890f671c94e8a0f3cf959aa731e9de2f036d71a

PODFILE CHECKSUM: 732123c78dc326aa10431d679c9f3568949a87fd

COCOAPODS: 1.3.1
